
Microsoft Visual Studio Solution File, Format Version 12.00
# Visual Studio 2012
Project("{FAE04EC0-301F-11D3-BF4B-00C04F79EFBC}") = "ImageBlur", "ImageBlur\ImageBlur.csproj", "{A5C42964-023E-4DF7-95D2-1F9487300B6E}"
EndProject
Project("{FAE04EC0-301F-11D3-BF4B-00C04F79EFBC}") = "ImageProcessing", "ImageProcessing\ImageProcessing.csproj", "{9D164D50-E64C-475F-A161-EA3D84A21DB4}"
EndProject
Global
	GlobalSection(SolutionConfigurationPlatforms) = preSolution
		Debug|Any CPU = Debug|Any CPU
		Release|Any CPU = Release|Any CPU
	EndGlobalSection
	GlobalSection(ProjectConfigurationPlatforms) = postSolution
		{A5C42964-023E-4DF7-95D2-1F9487300B6E}.Debug|Any CPU.ActiveCfg = Debug|Any CPU
		{A5C42964-023E-4DF7-95D2-1F9487300B6E}.Debug|Any CPU.Build.0 = Debug|Any CPU
		{A5C42964-023E-4DF7-95D2-1F9487300B6E}.Release|Any CPU.ActiveCfg = Release|Any CPU
		{A5C42964-023E-4DF7-95D2-1F9487300B6E}.Release|Any CPU.Build.0 = Release|Any CPU
		{9D164D50-E64C-475F-A161-EA3D84A21DB4}.Debug|Any CPU.ActiveCfg = Debug|Any CPU
		{9D164D50-E64C-475F-A161-EA3D84A21DB4}.Debug|Any CPU.Build.0 = Debug|Any CPU
		{9D164D50-E64C-475F-A161-EA3D84A21DB4}.Release|Any CPU.ActiveCfg = Release|Any CPU
		{9D164D50-E64C-475F-A161-EA3D84A21DB4}.Release|Any CPU.Build.0 = Release|Any CPU
	EndGlobalSection
	GlobalSection(SolutionProperties) = preSolution
		HideSolutionNode = FALSE
	EndGlobalSection
EndGlobal
